
Microsoft Visual Studio Solution File, Format Version 12.00
# Visual Studio 15
VisualStudioVersion = 15.0.28010.2036
MinimumVisualStudioVersion = 10.0.40219.1
Project("{FAE04EC0-301F-11D3-BF4B-00C04F79EFBC}") = "DogAge", "DogAge\DogAge.csproj", "{AF61E9EF-358A-4B6F-A31F-9C5C25A8ABA7}"
EndProject
Project("{FAE04EC0-301F-11D3-BF4B-00C04F79EFBC}") = "BiggestOfThree", "BiggestOfThree\BiggestOfThree.csproj", "{723BC63E-5544-4122-89B6-9858E193BF13}"
EndProject
Project("{FAE04EC0-301F-11D3-BF4B-00C04F79EFBC}") = "BiggestOfFive", "BiggestOfFive\BiggestOfFive.csproj", "{EB73844B-21EC-4664-A39A-CF80C66D5458}"
EndProject
Project("{FAE04EC0-301F-11D3-BF4B-00C04F79EFBC}") = "SortThreeNumbers", "SortThreeNumbers\SortThreeNumbers.csproj", "{B8F57CE8-F04B-42CE-904D-6ED8D6DCF1D0}"
EndProject
Project("{FAE04EC0-301F-11D3-BF4B-00C04F79EFBC}") = "DigitAsWord", "DigitAsWord\DigitAsWord.csproj", "{15E25BC7-42FC-4531-8BAD-63C4A68CDF8A}"
EndProject
Project("{FAE04EC0-301F-11D3-BF4B-00C04F79EFBC}") = "ChessSquareColor", "ChessSquareColor\ChessSquareColor.csproj", "{8C9C0C76-C91C-4F3B-ACB4-6185331A313B}"
EndProject
Project("{FAE04EC0-301F-11D3-BF4B-00C04F79EFBC}") = "GuessTheSeason", "GuessTheSeason\GuessTheSeason.csproj", "{F07C145A-8A25-40A2-ACDD-B7DDB227FE56}"
EndProject
Project("{FAE04EC0-301F-11D3-BF4B-00C04F79EFBC}") = "CalculateChange", "CalculateChange\CalculateChange.csproj", "{2AC4366B-FE7C-4F40-A385-F59BA74F3789}"
EndProject
Project("{FAE04EC0-301F-11D3-BF4B-00C04F79EFBC}") = "PhoneBill", "PhoneBill\PhoneBill.csproj", "{BD065994-B544-4077-9DD3-180C2D550B29}"
EndProject
Project("{FAE04EC0-301F-11D3-BF4B-00C04F79EFBC}") = "ChineseZodiac", "ChineseZodiac\ChineseZodiac.csproj", "{B22EED52-6559-48FE-9041-6C9F12355E8B}"
EndProject
Global
	GlobalSection(SolutionConfigurationPlatforms) = preSolution
		Debug|Any CPU = Debug|Any CPU
		Release|Any CPU = Release|Any CPU
	EndGlobalSection
	GlobalSection(ProjectConfigurationPlatforms) = postSolution
		{AF61E9EF-358A-4B6F-A31F-9C5C25A8ABA7}.Debug|Any CPU.ActiveCfg = Debug|Any CPU
		{AF61E9EF-358A-4B6F-A31F-9C5C25A8ABA7}.Debug|Any CPU.Build.0 = Debug|Any CPU
		{AF61E9EF-358A-4B6F-A31F-9C5C25A8ABA7}.Release|Any CPU.ActiveCfg = Release|Any CPU
		{AF61E9EF-358A-4B6F-A31F-9C5C25A8ABA7}.Release|Any CPU.Build.0 = Release|Any CPU
		{723BC63E-5544-4122-89B6-9858E193BF13}.Debug|Any CPU.ActiveCfg = Debug|Any CPU
		{723BC63E-5544-4122-89B6-9858E193BF13}.Debug|Any CPU.Build.0 = Debug|Any CPU
		{723BC63E-5544-4122-89B6-9858E193BF13}.Release|Any CPU.ActiveCfg = Release|Any CPU
		{723BC63E-5544-4122-89B6-9858E193BF13}.Release|Any CPU.Build.0 = Release|Any CPU
		{EB73844B-21EC-4664-A39A-CF80C66D5458}.Debug|Any CPU.ActiveCfg = Debug|Any CPU
		{EB73844B-21EC-4664-A39A-CF80C66D5458}.Debug|Any CPU.Build.0 = Debug|Any CPU
		{EB73844B-21EC-4664-A39A-CF80C66D5458}.Release|Any CPU.ActiveCfg = Release|Any CPU
		{EB73844B-21EC-4664-A39A-CF80C66D5458}.Release|Any CPU.Build.0 = Release|Any CPU
		{B8F57CE8-F04B-42CE-904D-6ED8D6DCF1D0}.Debug|Any CPU.ActiveCfg = Debug|Any CPU
		{B8F57CE8-F04B-42CE-904D-6ED8D6DCF1D0}.Debug|Any CPU.Build.0 = Debug|Any CPU
		{B8F57CE8-F04B-42CE-904D-6ED8D6DCF1D0}.Release|Any CPU.ActiveCfg = Release|Any CPU
		{B8F57CE8-F04B-42CE-904D-6ED8D6DCF1D0}.Release|Any CPU.Build.0 = Release|Any CPU
		{15E25BC7-42FC-4531-8BAD-63C4A68CDF8A}.Debug|Any CPU.ActiveCfg = Debug|Any CPU
		{15E25BC7-42FC-4531-8BAD-63C4A68CDF8A}.Debug|Any CPU.Build.0 = Debug|Any CPU
		{15E25BC7-42FC-4531-8BAD-63C4A68CDF8A}.Release|Any CPU.ActiveCfg = Release|Any CPU
		{15E25BC7-42FC-4531-8BAD-63C4A68CDF8A}.Release|Any CPU.Build.0 = Release|Any CPU
		{8C9C0C76-C91C-4F3B-ACB4-6185331A313B}.Debug|Any CPU.ActiveCfg = Debug|Any CPU
		{8C9C0C76-C91C-4F3B-ACB4-6185331A313B}.Debug|Any CPU.Build.0 = Debug|Any CPU
		{8C9C0C76-C91C-4F3B-ACB4-6185331A313B}.Release|Any CPU.ActiveCfg = Release|Any CPU
		{8C9C0C76-C91C-4F3B-ACB4-6185331A313B}.Release|Any CPU.Build.0 = Release|Any CPU
		{F07C145A-8A25-40A2-ACDD-B7DDB227FE56}.Debug|Any CPU.ActiveCfg = Debug|Any CPU
		{F07C145A-8A25-40A2-ACDD-B7DDB227FE56}.Debug|Any CPU.Build.0 = Debug|Any CPU
		{F07C145A-8A25-40A2-ACDD-B7DDB227FE56}.Release|Any CPU.ActiveCfg = Release|Any CPU
		{F07C145A-8A25-40A2-ACDD-B7DDB227FE56}.Release|Any CPU.Build.0 = Release|Any CPU
		{2AC4366B-FE7C-4F40-A385-F59BA74F3789}.Debug|Any CPU.ActiveCfg = Debug|Any CPU
		{2AC4366B-FE7C-4F40-A385-F59BA74F3789}.Debug|Any CPU.Build.0 = Debug|Any CPU
		{2AC4366B-FE7C-4F40-A385-F59BA74F3789}.Release|Any CPU.ActiveCfg = Release|Any CPU
		{2AC4366B-FE7C-4F40-A385-F59BA74F3789}.Release|Any CPU.Build.0 = Release|Any CPU
		{BD065994-B544-4077-9DD3-180C2D550B29}.Debug|Any CPU.ActiveCfg = Debug|Any CPU
		{BD065994-B544-4077-9DD3-180C2D550B29}.Debug|Any CPU.Build.0 = Debug|Any CPU
		{BD065994-B544-4077-9DD3-180C2D550B29}.Release|Any CPU.ActiveCfg = Release|Any CPU
		{BD065994-B544-4077-9DD3-180C2D550B29}.Release|Any CPU.Build.0 = Release|Any CPU
		{B22EED52-6559-48FE-9041-6C9F12355E8B}.Debug|Any CPU.ActiveCfg = Debug|Any CPU
		{B22EED52-6559-48FE-9041-6C9F12355E8B}.Debug|Any CPU.Build.0 = Debug|Any CPU
		{B22EED52-6559-48FE-9041-6C9F12355E8B}.Release|Any CPU.ActiveCfg = Release|Any CPU
		{B22EED52-6559-48FE-9041-6C9F12355E8B}.Release|Any CPU.Build.0 = Release|Any CPU
	EndGlobalSection
	GlobalSection(SolutionProperties) = preSolution
		HideSolutionNode = FALSE
	EndGlobalSection
	GlobalSection(ExtensibilityGlobals) = postSolution
		SolutionGuid = {6376B8C5-AB8C-405D-A1C0-E629692C5C36}
	EndGlobalSection
EndGlobal
