
Microsoft Visual Studio Solution File, Format Version 12.00
# Visual Studio 15
VisualStudioVersion = 15.0.28010.2036
MinimumVisualStudioVersion = 10.0.40219.1
Project("{FAE04EC0-301F-11D3-BF4B-00C04F79EFBC}") = "CrookedDigit", "ExamPreparation1\CrookedDigit.csproj", "{8E98F1A7-C0E1-4970-8ABF-0D55811D9C01}"
EndProject
Project("{FAE04EC0-301F-11D3-BF4B-00C04F79EFBC}") = "PrimeTriangle", "PrimeTriangle\PrimeTriangle.csproj", "{453377A7-D1B2-4C81-A202-69AEC4ECA6DA}"
EndProject
Project("{FAE04EC0-301F-11D3-BF4B-00C04F79EFBC}") = "BalancedNumbers", "Check\BalancedNumbers.csproj", "{AA0245E5-0A57-43E8-9125-0D9CBCE547AB}"
EndProject
Global
	GlobalSection(SolutionConfigurationPlatforms) = preSolution
		Debug|Any CPU = Debug|Any CPU
		Release|Any CPU = Release|Any CPU
	EndGlobalSection
	GlobalSection(ProjectConfigurationPlatforms) = postSolution
		{8E98F1A7-C0E1-4970-8ABF-0D55811D9C01}.Debug|Any CPU.ActiveCfg = Debug|Any CPU
		{8E98F1A7-C0E1-4970-8ABF-0D55811D9C01}.Debug|Any CPU.Build.0 = Debug|Any CPU
		{8E98F1A7-C0E1-4970-8ABF-0D55811D9C01}.Release|Any CPU.ActiveCfg = Release|Any CPU
		{8E98F1A7-C0E1-4970-8ABF-0D55811D9C01}.Release|Any CPU.Build.0 = Release|Any CPU
		{453377A7-D1B2-4C81-A202-69AEC4ECA6DA}.Debug|Any CPU.ActiveCfg = Debug|Any CPU
		{453377A7-D1B2-4C81-A202-69AEC4ECA6DA}.Debug|Any CPU.Build.0 = Debug|Any CPU
		{453377A7-D1B2-4C81-A202-69AEC4ECA6DA}.Release|Any CPU.ActiveCfg = Release|Any CPU
		{453377A7-D1B2-4C81-A202-69AEC4ECA6DA}.Release|Any CPU.Build.0 = Release|Any CPU
		{AA0245E5-0A57-43E8-9125-0D9CBCE547AB}.Debug|Any CPU.ActiveCfg = Debug|Any CPU
		{AA0245E5-0A57-43E8-9125-0D9CBCE547AB}.Debug|Any CPU.Build.0 = Debug|Any CPU
		{AA0245E5-0A57-43E8-9125-0D9CBCE547AB}.Release|Any CPU.ActiveCfg = Release|Any CPU
		{AA0245E5-0A57-43E8-9125-0D9CBCE547AB}.Release|Any CPU.Build.0 = Release|Any CPU
	EndGlobalSection
	GlobalSection(SolutionProperties) = preSolution
		HideSolutionNode = FALSE
	EndGlobalSection
	GlobalSection(ExtensibilityGlobals) = postSolution
		SolutionGuid = {A23F17E8-E3E7-4B43-B451-D6CA5CFB2811}
	EndGlobalSection
EndGlobal
